<?xml version="1.0" encoding="utf-8"?>
<Project ToolsVersion="4.0" xmlns="http://schemas.microsoft.com/developer/msbuild/2003">
  <ItemGroup>
    <Filter Include="Source">
      <UniqueIdentifier>{7f7461a9-8418-4c02-ba81-f57308f8c304}</UniqueIdentifier>
    </Filter>
    <Filter Include="Data">
      <UniqueIdentifier>{e91f1057-12a3-4df9-911d-4feda8dfd632}</UniqueIdentifier>
    </Filter>
    <Filter Include="Data\Shaders">
      <UniqueIdentifier>{af0e5f29-f908-4387-bd76-2f138992337b}</UniqueIdentifier>
    </Filter>
    <Filter Include="Source\Math">
      <UniqueIdentifier>{a2acc32d-e3ad-44e0-abae-f3bd522c5702}</UniqueIdentifier>
    </Filter>
  </ItemGroup>
  <ItemGroup>
    <ClCompile Include="Source\main.cpp">
      <Filter>Source</Filter>
    </ClCompile>
    <ClCompile Include="Source\VulkanInterface.cpp">
      <Filter>Source</Filter>
    </ClCompile>
    <ClCompile Include="Source\VulkanWindow.cpp">
      <Filter>Source</Filter>
    </ClCompile>
    <ClCompile Include="Source\VulkanShader.cpp">
      <Filter>Source</Filter>
    </ClCompile>
    <ClCompile Include="Source\VulkanBuffer.cpp">
      <Filter>Source</Filter>
    </ClCompile>
    <ClCompile Include="Source\Math\MyMatrix.cpp">
      <Filter>Source\Math</Filter>
    </ClCompile>
    <ClCompile Include="Source\Math\MyQuaternion.cpp">
      <Filter>Source\Math</Filter>
    </ClCompile>
    <ClCompile Include="Source\Math\MyTypes.cpp">
      <Filter>Source\Math</Filter>
    </ClCompile>
  </ItemGroup>
  <ItemGroup>
    <ClInclude Include="Source\VulkanInterface.h">
      <Filter>Source</Filter>
    </ClInclude>
    <ClInclude Include="Source\VulkanWindow.h">
      <Filter>Source</Filter>
    </ClInclude>
    <ClInclude Include="Source\VulkanShader.h">
      <Filter>Source</Filter>
    </ClInclude>
    <ClInclude Include="Source\VulkanBuffer.h">
      <Filter>Source</Filter>
    </ClInclude>
    <ClInclude Include="Source\Math\MyMatrix.h">
      <Filter>Source\Math</Filter>
    </ClInclude>
    <ClInclude Include="Source\Math\Vector.h">
      <Filter>Source\Math</Filter>
    </ClInclude>
    <ClInclude Include="Source\Structs.h">
      <Filter>Source</Filter>
    </ClInclude>
    <ClInclude Include="Source\Math\MyQuaternion.h">
      <Filter>Source\Math</Filter>
    </ClInclude>
    <ClInclude Include="Source\Math\Utility.h">
      <Filter>Source\Math</Filter>
    </ClInclude>
    <ClInclude Include="Source\Math\MyTypes.h">
      <Filter>Source\Math</Filter>
    </ClInclude>
  </ItemGroup>
  <ItemGroup>
    <None Include="Data\Shaders\test.frag">
      <Filter>Data\Shaders</Filter>
    </None>
    <None Include="Data\Shaders\test.vert">
      <Filter>Data\Shaders</Filter>
    </None>
  </ItemGroup>
</Project>